
Microsoft Visual Studio Solution File, Format Version 12.00
# Visual Studio Version 16
VisualStudioVersion = 16.0.31112.23
MinimumVisualStudioVersion = 10.0.40219.1
Project("{9A19103F-16F7-4668-BE54-9A1E7A4F7556}") = "CodeQualityExplorer", "CodeQualityExplorer\CodeQualityExplorer.csproj", "{DAE135DF-A32E-43BF-8DFC-9BF20E734370}"
EndProject
Project("{9A19103F-16F7-4668-BE54-9A1E7A4F7556}") = "Mysoft.JenkinsNET", "Mysoft.JenkinsNET\Mysoft.JenkinsNET.csproj", "{EE4B8C77-61AE-461B-96CC-6818586733E1}"
EndProject
Global
	GlobalSection(SolutionConfigurationPlatforms) = preSolution
		Debug|Any CPU = Debug|Any CPU
		Release|Any CPU = Release|Any CPU
	EndGlobalSection
	GlobalSection(ProjectConfigurationPlatforms) = postSolution
		{DAE135DF-A32E-43BF-8DFC-9BF20E734370}.Debug|Any CPU.ActiveCfg = Debug|Any CPU
		{DAE135DF-A32E-43BF-8DFC-9BF20E734370}.Debug|Any CPU.Build.0 = Debug|Any CPU
		{DAE135DF-A32E-43BF-8DFC-9BF20E734370}.Release|Any CPU.ActiveCfg = Release|Any CPU
		{DAE135DF-A32E-43BF-8DFC-9BF20E734370}.Release|Any CPU.Build.0 = Release|Any CPU
		{EE4B8C77-61AE-461B-96CC-6818586733E1}.Debug|Any CPU.ActiveCfg = Debug|Any CPU
		{EE4B8C77-61AE-461B-96CC-6818586733E1}.Debug|Any CPU.Build.0 = Debug|Any CPU
		{EE4B8C77-61AE-461B-96CC-6818586733E1}.Release|Any CPU.ActiveCfg = Release|Any CPU
		{EE4B8C77-61AE-461B-96CC-6818586733E1}.Release|Any CPU.Build.0 = Release|Any CPU
	EndGlobalSection
	GlobalSection(SolutionProperties) = preSolution
		HideSolutionNode = FALSE
	EndGlobalSection
	GlobalSection(ExtensibilityGlobals) = postSolution
		SolutionGuid = {400BAB21-535D-446F-8657-9F81357407CB}
	EndGlobalSection
EndGlobal
